
Microsoft Visual Studio Solution File, Format Version 12.00
# Visual Studio Version 16
VisualStudioVersion = 16.0.30804.86
MinimumVisualStudioVersion = 10.0.40219.1
Project("{FAE04EC0-301F-11D3-BF4B-00C04F79EFBC}") = "CSVReader", "CSVReader\CSVReader.csproj", "{B3D3CEC3-8874-4FDE-8FE5-AD9787FCAD45}"
EndProject
Global
	GlobalSection(SolutionConfigurationPlatforms) = preSolution
		Debug|Any CPU = Debug|Any CPU
		Release|Any CPU = Release|Any CPU
	EndGlobalSection
	GlobalSection(ProjectConfigurationPlatforms) = postSolution
		{B3D3CEC3-8874-4FDE-8FE5-AD9787FCAD45}.Debug|Any CPU.ActiveCfg = Debug|Any CPU
		{B3D3CEC3-8874-4FDE-8FE5-AD9787FCAD45}.Debug|Any CPU.Build.0 = Debug|Any CPU
		{B3D3CEC3-8874-4FDE-8FE5-AD9787FCAD45}.Release|Any CPU.ActiveCfg = Release|Any CPU
		{B3D3CEC3-8874-4FDE-8FE5-AD9787FCAD45}.Release|Any CPU.Build.0 = Release|Any CPU
	EndGlobalSection
	GlobalSection(SolutionProperties) = preSolution
		HideSolutionNode = FALSE
	EndGlobalSection
	GlobalSection(ExtensibilityGlobals) = postSolution
		SolutionGuid = {1798827C-AEA9-4625-811A-500B9A829097}
	EndGlobalSection
EndGlobal
